
Microsoft Visual Studio Solution File, Format Version 12.00
# Visual Studio Version 16
VisualStudioVersion = 16.0.28531.58
MinimumVisualStudioVersion = 10.0.40219.1
Project("{9A19103F-16F7-4668-BE54-9A1E7A4F7556}") = "RapidCMS.UI", "RapidCMS.UI\RapidCMS.UI.csproj", "{B0F8E3F3-BC29-4379-8D33-9C8CD717D15F}"
EndProject
Project("{9A19103F-16F7-4668-BE54-9A1E7A4F7556}") = "RapidCMS.Repositories", "RapidCMS.Repositories\RapidCMS.Repositories.csproj", "{363844EB-078E-4065-B90D-F590EFACAB15}"
EndProject
Project("{9A19103F-16F7-4668-BE54-9A1E7A4F7556}") = "RapidCMS.Core", "RapidCMS.Core\RapidCMS.Core.csproj", "{F8E6CA58-6F29-4500-A4DA-5283F6EFC242}"
EndProject
Project("{9A19103F-16F7-4668-BE54-9A1E7A4F7556}") = "RapidCMS.Core.Tests", "RapidCMS.Core.Tests\RapidCMS.Core.Tests.csproj", "{23AF0F32-2AA6-45F3-8106-683BA6896118}"
EndProject
Project("{9A19103F-16F7-4668-BE54-9A1E7A4F7556}") = "RapidCMS.Example.Server", "..\examples\RapidCMS.Example.Server\RapidCMS.Example.Server.csproj", "{C208D591-422D-4F78-953B-B10D4D8E6AB6}"
EndProject
Project("{2150E333-8FDC-42A3-9474-1A3956D46DE8}") = "examples", "examples", "{D5C8E316-AA29-4FB7-A99D-F1047DCC10BE}"
EndProject
Project("{2150E333-8FDC-42A3-9474-1A3956D46DE8}") = "src", "src", "{FAEBCE99-5CCB-4BBF-AAF3-9CE51FABD871}"
EndProject
Project("{2150E333-8FDC-42A3-9474-1A3956D46DE8}") = "test", "test", "{A1ABBF0C-890B-43E6-AD6D-F1897CA205B6}"
EndProject
Project("{9A19103F-16F7-4668-BE54-9A1E7A4F7556}") = "RapidCMS.Example.Shared", "..\examples\RapidCMS.Example.Shared\RapidCMS.Example.Shared.csproj", "{F8FDC033-2DE9-4336-8320-3DABD9FDA154}"
EndProject
Project("{9A19103F-16F7-4668-BE54-9A1E7A4F7556}") = "RapidCMS.Example.WebAssembly", "..\examples\RapidCMS.Example.WebAssembly\RapidCMS.Example.WebAssembly.csproj", "{9217968B-A732-4C71-A9B6-B3B2759F0829}"
EndProject
Project("{2150E333-8FDC-42A3-9474-1A3956D46DE8}") = "misc", "misc", "{89191FB4-6106-4A7E-82B2-7A2577F67D07}"
	ProjectSection(SolutionItems) = preProject
		..\AUTHclient.md = ..\AUTHclient.md
		..\AUTHserver.md = ..\AUTHserver.md
		..\.github\workflows\dotnetcore.yml = ..\.github\workflows\dotnetcore.yml
		..\LICENSE.md = ..\LICENSE.md
		..\README.md = ..\README.md
		..\SCREENSHOTS.md = ..\SCREENSHOTS.md
	EndProjectSection
EndProject
Project("{9A19103F-16F7-4668-BE54-9A1E7A4F7556}") = "RapidCMS.Example.WebAssembly.API", "..\examples\RapidCMS.Example.WebAssembly.API\RapidCMS.Example.WebAssembly.API.csproj", "{55D3BA00-92BE-4E5A-92DC-232959C7B8D7}"
EndProject
Project("{9A19103F-16F7-4668-BE54-9A1E7A4F7556}") = "RapidCMS.Api.WebApi", "RapidCMS.Api.WebApi\RapidCMS.Api.WebApi.csproj", "{184E1BAB-DA87-4E04-93F5-E69448B4562A}"
EndProject
Project("{9A19103F-16F7-4668-BE54-9A1E7A4F7556}") = "RapidCMS.Example.Github", "..\examples\RapidCMS.Example.Github\RapidCMS.Example.Github.csproj", "{9776D10E-DC7E-4929-9800-25C5568E6497}"
EndProject
Project("{2150E333-8FDC-42A3-9474-1A3956D46DE8}") = "bench", "bench", "{1499887F-684A-4D1B-B6D9-4569334D1DBC}"
EndProject
Project("{FAE04EC0-301F-11D3-BF4B-00C04F79EFBC}") = "RapidCMS.Rewards", "..\bench\RapidCMS.Rewards\RapidCMS.Rewards.csproj", "{1B226835-05B5-43A1-B847-A48C4E3C603A}"
EndProject
Global
	GlobalSection(SolutionConfigurationPlatforms) = preSolution
		Debug|Any CPU = Debug|Any CPU
		Release|Any CPU = Release|Any CPU
	EndGlobalSection
	GlobalSection(ProjectConfigurationPlatforms) = postSolution
		{B0F8E3F3-BC29-4379-8D33-9C8CD717D15F}.Debug|Any CPU.ActiveCfg = Debug|Any CPU
		{B0F8E3F3-BC29-4379-8D33-9C8CD717D15F}.Debug|Any CPU.Build.0 = Debug|Any CPU
		{B0F8E3F3-BC29-4379-8D33-9C8CD717D15F}.Release|Any CPU.ActiveCfg = Release|Any CPU
		{B0F8E3F3-BC29-4379-8D33-9C8CD717D15F}.Release|Any CPU.Build.0 = Release|Any CPU
		{363844EB-078E-4065-B90D-F590EFACAB15}.Debug|Any CPU.ActiveCfg = Debug|Any CPU
		{363844EB-078E-4065-B90D-F590EFACAB15}.Debug|Any CPU.Build.0 = Debug|Any CPU
		{363844EB-078E-4065-B90D-F590EFACAB15}.Release|Any CPU.ActiveCfg = Release|Any CPU
		{363844EB-078E-4065-B90D-F590EFACAB15}.Release|Any CPU.Build.0 = Release|Any CPU
		{F8E6CA58-6F29-4500-A4DA-5283F6EFC242}.Debug|Any CPU.ActiveCfg = Debug|Any CPU
		{F8E6CA58-6F29-4500-A4DA-5283F6EFC242}.Debug|Any CPU.Build.0 = Debug|Any CPU
		{F8E6CA58-6F29-4500-A4DA-5283F6EFC242}.Release|Any CPU.ActiveCfg = Release|Any CPU
		{F8E6CA58-6F29-4500-A4DA-5283F6EFC242}.Release|Any CPU.Build.0 = Release|Any CPU
		{23AF0F32-2AA6-45F3-8106-683BA6896118}.Debug|Any CPU.ActiveCfg = Debug|Any CPU
		{23AF0F32-2AA6-45F3-8106-683BA6896118}.Debug|Any CPU.Build.0 = Debug|Any CPU
		{23AF0F32-2AA6-45F3-8106-683BA6896118}.Release|Any CPU.ActiveCfg = Release|Any CPU
		{23AF0F32-2AA6-45F3-8106-683BA6896118}.Release|Any CPU.Build.0 = Release|Any CPU
		{C208D591-422D-4F78-953B-B10D4D8E6AB6}.Debug|Any CPU.ActiveCfg = Debug|Any CPU
		{C208D591-422D-4F78-953B-B10D4D8E6AB6}.Debug|Any CPU.Build.0 = Debug|Any CPU
		{C208D591-422D-4F78-953B-B10D4D8E6AB6}.Release|Any CPU.ActiveCfg = Release|Any CPU
		{C208D591-422D-4F78-953B-B10D4D8E6AB6}.Release|Any CPU.Build.0 = Release|Any CPU
		{F8FDC033-2DE9-4336-8320-3DABD9FDA154}.Debug|Any CPU.ActiveCfg = Debug|Any CPU
		{F8FDC033-2DE9-4336-8320-3DABD9FDA154}.Debug|Any CPU.Build.0 = Debug|Any CPU
		{F8FDC033-2DE9-4336-8320-3DABD9FDA154}.Release|Any CPU.ActiveCfg = Release|Any CPU
		{F8FDC033-2DE9-4336-8320-3DABD9FDA154}.Release|Any CPU.Build.0 = Release|Any CPU
		{9217968B-A732-4C71-A9B6-B3B2759F0829}.Debug|Any CPU.ActiveCfg = Debug|Any CPU
		{9217968B-A732-4C71-A9B6-B3B2759F0829}.Debug|Any CPU.Build.0 = Debug|Any CPU
		{9217968B-A732-4C71-A9B6-B3B2759F0829}.Release|Any CPU.ActiveCfg = Release|Any CPU
		{9217968B-A732-4C71-A9B6-B3B2759F0829}.Release|Any CPU.Build.0 = Release|Any CPU
		{55D3BA00-92BE-4E5A-92DC-232959C7B8D7}.Debug|Any CPU.ActiveCfg = Debug|Any CPU
		{55D3BA00-92BE-4E5A-92DC-232959C7B8D7}.Debug|Any CPU.Build.0 = Debug|Any CPU
		{55D3BA00-92BE-4E5A-92DC-232959C7B8D7}.Release|Any CPU.ActiveCfg = Release|Any CPU
		{55D3BA00-92BE-4E5A-92DC-232959C7B8D7}.Release|Any CPU.Build.0 = Release|Any CPU
		{184E1BAB-DA87-4E04-93F5-E69448B4562A}.Debug|Any CPU.ActiveCfg = Debug|Any CPU
		{184E1BAB-DA87-4E04-93F5-E69448B4562A}.Debug|Any CPU.Build.0 = Debug|Any CPU
		{184E1BAB-DA87-4E04-93F5-E69448B4562A}.Release|Any CPU.ActiveCfg = Release|Any CPU
		{184E1BAB-DA87-4E04-93F5-E69448B4562A}.Release|Any CPU.Build.0 = Release|Any CPU
		{9776D10E-DC7E-4929-9800-25C5568E6497}.Debug|Any CPU.ActiveCfg = Debug|Any CPU
		{9776D10E-DC7E-4929-9800-25C5568E6497}.Debug|Any CPU.Build.0 = Debug|Any CPU
		{9776D10E-DC7E-4929-9800-25C5568E6497}.Release|Any CPU.ActiveCfg = Release|Any CPU
		{9776D10E-DC7E-4929-9800-25C5568E6497}.Release|Any CPU.Build.0 = Release|Any CPU
		{1B226835-05B5-43A1-B847-A48C4E3C603A}.Debug|Any CPU.ActiveCfg = Debug|Any CPU
		{1B226835-05B5-43A1-B847-A48C4E3C603A}.Debug|Any CPU.Build.0 = Debug|Any CPU
		{1B226835-05B5-43A1-B847-A48C4E3C603A}.Release|Any CPU.ActiveCfg = Release|Any CPU
		{1B226835-05B5-43A1-B847-A48C4E3C603A}.Release|Any CPU.Build.0 = Release|Any CPU
	EndGlobalSection
	GlobalSection(SolutionProperties) = preSolution
		HideSolutionNode = FALSE
	EndGlobalSection
	GlobalSection(NestedProjects) = preSolution
		{B0F8E3F3-BC29-4379-8D33-9C8CD717D15F} = {FAEBCE99-5CCB-4BBF-AAF3-9CE51FABD871}
		{363844EB-078E-4065-B90D-F590EFACAB15} = {FAEBCE99-5CCB-4BBF-AAF3-9CE51FABD871}
		{F8E6CA58-6F29-4500-A4DA-5283F6EFC242} = {FAEBCE99-5CCB-4BBF-AAF3-9CE51FABD871}
		{23AF0F32-2AA6-45F3-8106-683BA6896118} = {A1ABBF0C-890B-43E6-AD6D-F1897CA205B6}
		{C208D591-422D-4F78-953B-B10D4D8E6AB6} = {D5C8E316-AA29-4FB7-A99D-F1047DCC10BE}
		{F8FDC033-2DE9-4336-8320-3DABD9FDA154} = {D5C8E316-AA29-4FB7-A99D-F1047DCC10BE}
		{9217968B-A732-4C71-A9B6-B3B2759F0829} = {D5C8E316-AA29-4FB7-A99D-F1047DCC10BE}
		{55D3BA00-92BE-4E5A-92DC-232959C7B8D7} = {D5C8E316-AA29-4FB7-A99D-F1047DCC10BE}
		{184E1BAB-DA87-4E04-93F5-E69448B4562A} = {FAEBCE99-5CCB-4BBF-AAF3-9CE51FABD871}
		{9776D10E-DC7E-4929-9800-25C5568E6497} = {D5C8E316-AA29-4FB7-A99D-F1047DCC10BE}
		{1B226835-05B5-43A1-B847-A48C4E3C603A} = {1499887F-684A-4D1B-B6D9-4569334D1DBC}
	EndGlobalSection
	GlobalSection(ExtensibilityGlobals) = postSolution
		SolutionGuid = {A24D735F-6ECC-4089-B6BF-DB09B1FCB7D8}
	EndGlobalSection
EndGlobal
