
Microsoft Visual Studio Solution File, Format Version 12.00
# Visual Studio Version 17
VisualStudioVersion = 17.0.31808.319
MinimumVisualStudioVersion = 10.0.40219.1
Project("{9A19103F-16F7-4668-BE54-9A1E7A4F7556}") = "RapidCMS.UI", "RapidCMS.UI\RapidCMS.UI.csproj", "{B0F8E3F3-BC29-4379-8D33-9C8CD717D15F}"
EndProject
Project("{9A19103F-16F7-4668-BE54-9A1E7A4F7556}") = "RapidCMS.Repositories", "RapidCMS.Repositories\RapidCMS.Repositories.csproj", "{363844EB-078E-4065-B90D-F590EFACAB15}"
EndProject
Project("{9A19103F-16F7-4668-BE54-9A1E7A4F7556}") = "RapidCMS.Core", "RapidCMS.Core\RapidCMS.Core.csproj", "{F8E6CA58-6F29-4500-A4DA-5283F6EFC242}"
EndProject
Project("{9A19103F-16F7-4668-BE54-9A1E7A4F7556}") = "RapidCMS.Example.Server", "..\examples\RapidCMS.Example.Server\RapidCMS.Example.Server.csproj", "{C208D591-422D-4F78-953B-B10D4D8E6AB6}"
EndProject
Project("{2150E333-8FDC-42A3-9474-1A3956D46DE8}") = "examples", "examples", "{D5C8E316-AA29-4FB7-A99D-F1047DCC10BE}"
EndProject
Project("{2150E333-8FDC-42A3-9474-1A3956D46DE8}") = "src", "src", "{FAEBCE99-5CCB-4BBF-AAF3-9CE51FABD871}"
EndProject
Project("{2150E333-8FDC-42A3-9474-1A3956D46DE8}") = "test", "test", "{A1ABBF0C-890B-43E6-AD6D-F1897CA205B6}"
EndProject
Project("{9A19103F-16F7-4668-BE54-9A1E7A4F7556}") = "RapidCMS.Example.Shared", "..\examples\RapidCMS.Example.Shared\RapidCMS.Example.Shared.csproj", "{F8FDC033-2DE9-4336-8320-3DABD9FDA154}"
EndProject
Project("{9A19103F-16F7-4668-BE54-9A1E7A4F7556}") = "RapidCMS.Example.WebAssembly", "..\examples\RapidCMS.Example.WebAssembly\RapidCMS.Example.WebAssembly.csproj", "{9217968B-A732-4C71-A9B6-B3B2759F0829}"
EndProject
Project("{2150E333-8FDC-42A3-9474-1A3956D46DE8}") = "misc", "misc", "{89191FB4-6106-4A7E-82B2-7A2577F67D07}"
	ProjectSection(SolutionItems) = preProject
		..\AUTHclient.md = ..\AUTHclient.md
		..\AUTHserver.md = ..\AUTHserver.md
		..\.github\workflows\dotnetcore.pr.yml = ..\.github\workflows\dotnetcore.pr.yml
		..\.github\workflows\dotnetcore.yml = ..\.github\workflows\dotnetcore.yml
		..\LICENSE.md = ..\LICENSE.md
		..\MMQUICKSTART.md = ..\MMQUICKSTART.md
		..\QUICKSTART.md = ..\QUICKSTART.md
		..\README.md = ..\README.md
		..\SETUP_CLIENTSIDE.md = ..\SETUP_CLIENTSIDE.md
		..\SETUP_COMPANION.md = ..\SETUP_COMPANION.md
		..\SETUP_MAUI.md = ..\SETUP_MAUI.md
		..\SETUP_MMCLIENTSIDE.md = ..\SETUP_MMCLIENTSIDE.md
		..\SETUP_MMSERVERSIDE.md = ..\SETUP_MMSERVERSIDE.md
		..\SETUP_SERVERSIDE.md = ..\SETUP_SERVERSIDE.md
	EndProjectSection
EndProject
Project("{9A19103F-16F7-4668-BE54-9A1E7A4F7556}") = "RapidCMS.Example.WebAssembly.API", "..\examples\RapidCMS.Example.WebAssembly.API\RapidCMS.Example.WebAssembly.API.csproj", "{55D3BA00-92BE-4E5A-92DC-232959C7B8D7}"
EndProject
Project("{9A19103F-16F7-4668-BE54-9A1E7A4F7556}") = "RapidCMS.Api.WebApi", "RapidCMS.Api.WebApi\RapidCMS.Api.WebApi.csproj", "{184E1BAB-DA87-4E04-93F5-E69448B4562A}"
EndProject
Project("{9A19103F-16F7-4668-BE54-9A1E7A4F7556}") = "RapidCMS.Example.Github", "..\examples\RapidCMS.Example.Github\RapidCMS.Example.Github.csproj", "{9776D10E-DC7E-4929-9800-25C5568E6497}"
EndProject
Project("{9A19103F-16F7-4668-BE54-9A1E7A4F7556}") = "RapidCMS.Example.WebAssembly.FunctionAPI", "..\examples\RapidCMS.Example.WebAssembly.FunctionAPI\RapidCMS.Example.WebAssembly.FunctionAPI.csproj", "{2B04E2EB-14FB-4F24-AB21-77E84A8FB2D7}"
EndProject
Project("{9A19103F-16F7-4668-BE54-9A1E7A4F7556}") = "RapidCMS.Api.Functions", "RapidCMS.Api.Functions\RapidCMS.Api.Functions.csproj", "{740B2F9E-7CA4-4539-95F3-1F9839C92C32}"
EndProject
Project("{9A19103F-16F7-4668-BE54-9A1E7A4F7556}") = "RapidCMS.Api.Core", "RapidCMS.Api.Core\RapidCMS.Api.Core.csproj", "{5629643B-3CE9-4E1D-88E5-5874E505E2D0}"
EndProject
Project("{9A19103F-16F7-4668-BE54-9A1E7A4F7556}") = "RapidCMS.UI.PublishableEntity", "RapidCMS.UI.PublishableEntity\RapidCMS.UI.PublishableEntity.csproj", "{ED772F90-7EB2-4B2D-B0CD-C28653DF2A8B}"
EndProject
Project("{2150E333-8FDC-42A3-9474-1A3956D46DE8}") = "demo", "demo", "{53A342E3-BC40-4721-9F8B-D259395607B6}"
EndProject
Project("{2150E333-8FDC-42A3-9474-1A3956D46DE8}") = "rapidcms", "rapidcms", "{653FF181-27AD-43DB-98D7-E90CBD6F3734}"
EndProject
Project("{2150E333-8FDC-42A3-9474-1A3956D46DE8}") = "API", "API", "{A569FC39-2B72-4781-AFE3-D99B13D9A353}"
EndProject
Project("{2150E333-8FDC-42A3-9474-1A3956D46DE8}") = "UI", "UI", "{8976A00E-78C1-49F4-9B0A-EA0FA52E26A1}"
EndProject
Project("{2150E333-8FDC-42A3-9474-1A3956D46DE8}") = "CMS", "CMS", "{3D3FFBF3-B128-4738-A086-812392A81150}"
EndProject
Project("{9A19103F-16F7-4668-BE54-9A1E7A4F7556}") = "RapidCMS.Core.Tests", "RapidCMS.Core.Tests\RapidCMS.Core.Tests.csproj", "{6B1E66A3-891B-45C4-A586-2A5DD82E8CD4}"
EndProject
Project("{9A19103F-16F7-4668-BE54-9A1E7A4F7556}") = "RapidCMS.ModelMaker.SourceGenerator.EFCore.Tests", "RapidCMS.ModelMaker.SourceGenerator.EFCore.Tests\RapidCMS.ModelMaker.SourceGenerator.EFCore.Tests.csproj", "{C12B7DE5-75CB-49EA-B562-BC8431F934F1}"
EndProject
Project("{9A19103F-16F7-4668-BE54-9A1E7A4F7556}") = "RapidCMS.Example.Maui", "..\examples\RapidCMS.Example.Maui\RapidCMS.Example.Maui.csproj", "{AB3CDC2A-D1AC-49DA-B1F2-10D8BB393C8B}"
EndProject
Global
	GlobalSection(SolutionConfigurationPlatforms) = preSolution
		Debug|Any CPU = Debug|Any CPU
		Release|Any CPU = Release|Any CPU
	EndGlobalSection
	GlobalSection(ProjectConfigurationPlatforms) = postSolution
		{B0F8E3F3-BC29-4379-8D33-9C8CD717D15F}.Debug|Any CPU.ActiveCfg = Debug|Any CPU
		{B0F8E3F3-BC29-4379-8D33-9C8CD717D15F}.Debug|Any CPU.Build.0 = Debug|Any CPU
		{B0F8E3F3-BC29-4379-8D33-9C8CD717D15F}.Release|Any CPU.ActiveCfg = Release|Any CPU
		{B0F8E3F3-BC29-4379-8D33-9C8CD717D15F}.Release|Any CPU.Build.0 = Release|Any CPU
		{363844EB-078E-4065-B90D-F590EFACAB15}.Debug|Any CPU.ActiveCfg = Debug|Any CPU
		{363844EB-078E-4065-B90D-F590EFACAB15}.Debug|Any CPU.Build.0 = Debug|Any CPU
		{363844EB-078E-4065-B90D-F590EFACAB15}.Release|Any CPU.ActiveCfg = Release|Any CPU
		{363844EB-078E-4065-B90D-F590EFACAB15}.Release|Any CPU.Build.0 = Release|Any CPU
		{F8E6CA58-6F29-4500-A4DA-5283F6EFC242}.Debug|Any CPU.ActiveCfg = Debug|Any CPU
		{F8E6CA58-6F29-4500-A4DA-5283F6EFC242}.Debug|Any CPU.Build.0 = Debug|Any CPU
		{F8E6CA58-6F29-4500-A4DA-5283F6EFC242}.Release|Any CPU.ActiveCfg = Release|Any CPU
		{F8E6CA58-6F29-4500-A4DA-5283F6EFC242}.Release|Any CPU.Build.0 = Release|Any CPU
		{C208D591-422D-4F78-953B-B10D4D8E6AB6}.Debug|Any CPU.ActiveCfg = Debug|Any CPU
		{C208D591-422D-4F78-953B-B10D4D8E6AB6}.Debug|Any CPU.Build.0 = Debug|Any CPU
		{C208D591-422D-4F78-953B-B10D4D8E6AB6}.Release|Any CPU.ActiveCfg = Release|Any CPU
		{C208D591-422D-4F78-953B-B10D4D8E6AB6}.Release|Any CPU.Build.0 = Release|Any CPU
		{F8FDC033-2DE9-4336-8320-3DABD9FDA154}.Debug|Any CPU.ActiveCfg = Debug|Any CPU
		{F8FDC033-2DE9-4336-8320-3DABD9FDA154}.Debug|Any CPU.Build.0 = Debug|Any CPU
		{F8FDC033-2DE9-4336-8320-3DABD9FDA154}.Release|Any CPU.ActiveCfg = Release|Any CPU
		{F8FDC033-2DE9-4336-8320-3DABD9FDA154}.Release|Any CPU.Build.0 = Release|Any CPU
		{9217968B-A732-4C71-A9B6-B3B2759F0829}.Debug|Any CPU.ActiveCfg = Debug|Any CPU
		{9217968B-A732-4C71-A9B6-B3B2759F0829}.Debug|Any CPU.Build.0 = Debug|Any CPU
		{9217968B-A732-4C71-A9B6-B3B2759F0829}.Release|Any CPU.ActiveCfg = Release|Any CPU
		{9217968B-A732-4C71-A9B6-B3B2759F0829}.Release|Any CPU.Build.0 = Release|Any CPU
		{55D3BA00-92BE-4E5A-92DC-232959C7B8D7}.Debug|Any CPU.ActiveCfg = Debug|Any CPU
		{55D3BA00-92BE-4E5A-92DC-232959C7B8D7}.Debug|Any CPU.Build.0 = Debug|Any CPU
		{55D3BA00-92BE-4E5A-92DC-232959C7B8D7}.Release|Any CPU.ActiveCfg = Release|Any CPU
		{55D3BA00-92BE-4E5A-92DC-232959C7B8D7}.Release|Any CPU.Build.0 = Release|Any CPU
		{184E1BAB-DA87-4E04-93F5-E69448B4562A}.Debug|Any CPU.ActiveCfg = Debug|Any CPU
		{184E1BAB-DA87-4E04-93F5-E69448B4562A}.Debug|Any CPU.Build.0 = Debug|Any CPU
		{184E1BAB-DA87-4E04-93F5-E69448B4562A}.Release|Any CPU.ActiveCfg = Release|Any CPU
		{184E1BAB-DA87-4E04-93F5-E69448B4562A}.Release|Any CPU.Build.0 = Release|Any CPU
		{9776D10E-DC7E-4929-9800-25C5568E6497}.Debug|Any CPU.ActiveCfg = Debug|Any CPU
		{9776D10E-DC7E-4929-9800-25C5568E6497}.Debug|Any CPU.Build.0 = Debug|Any CPU
		{9776D10E-DC7E-4929-9800-25C5568E6497}.Release|Any CPU.ActiveCfg = Release|Any CPU
		{9776D10E-DC7E-4929-9800-25C5568E6497}.Release|Any CPU.Build.0 = Release|Any CPU
		{2B04E2EB-14FB-4F24-AB21-77E84A8FB2D7}.Debug|Any CPU.ActiveCfg = Debug|Any CPU
		{2B04E2EB-14FB-4F24-AB21-77E84A8FB2D7}.Debug|Any CPU.Build.0 = Debug|Any CPU
		{2B04E2EB-14FB-4F24-AB21-77E84A8FB2D7}.Release|Any CPU.ActiveCfg = Release|Any CPU
		{2B04E2EB-14FB-4F24-AB21-77E84A8FB2D7}.Release|Any CPU.Build.0 = Release|Any CPU
		{740B2F9E-7CA4-4539-95F3-1F9839C92C32}.Debug|Any CPU.ActiveCfg = Debug|Any CPU
		{740B2F9E-7CA4-4539-95F3-1F9839C92C32}.Debug|Any CPU.Build.0 = Debug|Any CPU
		{740B2F9E-7CA4-4539-95F3-1F9839C92C32}.Release|Any CPU.ActiveCfg = Release|Any CPU
		{740B2F9E-7CA4-4539-95F3-1F9839C92C32}.Release|Any CPU.Build.0 = Release|Any CPU
		{5629643B-3CE9-4E1D-88E5-5874E505E2D0}.Debug|Any CPU.ActiveCfg = Debug|Any CPU
		{5629643B-3CE9-4E1D-88E5-5874E505E2D0}.Debug|Any CPU.Build.0 = Debug|Any CPU
		{5629643B-3CE9-4E1D-88E5-5874E505E2D0}.Release|Any CPU.ActiveCfg = Release|Any CPU
		{5629643B-3CE9-4E1D-88E5-5874E505E2D0}.Release|Any CPU.Build.0 = Release|Any CPU
		{ED772F90-7EB2-4B2D-B0CD-C28653DF2A8B}.Debug|Any CPU.ActiveCfg = Debug|Any CPU
		{ED772F90-7EB2-4B2D-B0CD-C28653DF2A8B}.Debug|Any CPU.Build.0 = Debug|Any CPU
		{ED772F90-7EB2-4B2D-B0CD-C28653DF2A8B}.Release|Any CPU.ActiveCfg = Release|Any CPU
		{ED772F90-7EB2-4B2D-B0CD-C28653DF2A8B}.Release|Any CPU.Build.0 = Release|Any CPU
		{6B1E66A3-891B-45C4-A586-2A5DD82E8CD4}.Debug|Any CPU.ActiveCfg = Debug|Any CPU
		{6B1E66A3-891B-45C4-A586-2A5DD82E8CD4}.Debug|Any CPU.Build.0 = Debug|Any CPU
		{6B1E66A3-891B-45C4-A586-2A5DD82E8CD4}.Release|Any CPU.ActiveCfg = Release|Any CPU
		{6B1E66A3-891B-45C4-A586-2A5DD82E8CD4}.Release|Any CPU.Build.0 = Release|Any CPU
		{C12B7DE5-75CB-49EA-B562-BC8431F934F1}.Debug|Any CPU.ActiveCfg = Debug|Any CPU
		{C12B7DE5-75CB-49EA-B562-BC8431F934F1}.Debug|Any CPU.Build.0 = Debug|Any CPU
		{C12B7DE5-75CB-49EA-B562-BC8431F934F1}.Release|Any CPU.ActiveCfg = Release|Any CPU
		{C12B7DE5-75CB-49EA-B562-BC8431F934F1}.Release|Any CPU.Build.0 = Release|Any CPU
		{AB3CDC2A-D1AC-49DA-B1F2-10D8BB393C8B}.Debug|Any CPU.ActiveCfg = Debug|Any CPU
		{AB3CDC2A-D1AC-49DA-B1F2-10D8BB393C8B}.Debug|Any CPU.Build.0 = Debug|Any CPU
		{AB3CDC2A-D1AC-49DA-B1F2-10D8BB393C8B}.Debug|Any CPU.Deploy.0 = Debug|Any CPU
		{AB3CDC2A-D1AC-49DA-B1F2-10D8BB393C8B}.Release|Any CPU.ActiveCfg = Release|Any CPU
		{AB3CDC2A-D1AC-49DA-B1F2-10D8BB393C8B}.Release|Any CPU.Build.0 = Release|Any CPU
	EndGlobalSection
	GlobalSection(SolutionProperties) = preSolution
		HideSolutionNode = FALSE
	EndGlobalSection
	GlobalSection(NestedProjects) = preSolution
		{B0F8E3F3-BC29-4379-8D33-9C8CD717D15F} = {8976A00E-78C1-49F4-9B0A-EA0FA52E26A1}
		{363844EB-078E-4065-B90D-F590EFACAB15} = {3D3FFBF3-B128-4738-A086-812392A81150}
		{F8E6CA58-6F29-4500-A4DA-5283F6EFC242} = {3D3FFBF3-B128-4738-A086-812392A81150}
		{C208D591-422D-4F78-953B-B10D4D8E6AB6} = {653FF181-27AD-43DB-98D7-E90CBD6F3734}
		{F8FDC033-2DE9-4336-8320-3DABD9FDA154} = {653FF181-27AD-43DB-98D7-E90CBD6F3734}
		{9217968B-A732-4C71-A9B6-B3B2759F0829} = {653FF181-27AD-43DB-98D7-E90CBD6F3734}
		{55D3BA00-92BE-4E5A-92DC-232959C7B8D7} = {653FF181-27AD-43DB-98D7-E90CBD6F3734}
		{184E1BAB-DA87-4E04-93F5-E69448B4562A} = {A569FC39-2B72-4781-AFE3-D99B13D9A353}
		{9776D10E-DC7E-4929-9800-25C5568E6497} = {53A342E3-BC40-4721-9F8B-D259395607B6}
		{2B04E2EB-14FB-4F24-AB21-77E84A8FB2D7} = {653FF181-27AD-43DB-98D7-E90CBD6F3734}
		{740B2F9E-7CA4-4539-95F3-1F9839C92C32} = {A569FC39-2B72-4781-AFE3-D99B13D9A353}
		{5629643B-3CE9-4E1D-88E5-5874E505E2D0} = {A569FC39-2B72-4781-AFE3-D99B13D9A353}
		{ED772F90-7EB2-4B2D-B0CD-C28653DF2A8B} = {8976A00E-78C1-49F4-9B0A-EA0FA52E26A1}
		{53A342E3-BC40-4721-9F8B-D259395607B6} = {D5C8E316-AA29-4FB7-A99D-F1047DCC10BE}
		{653FF181-27AD-43DB-98D7-E90CBD6F3734} = {D5C8E316-AA29-4FB7-A99D-F1047DCC10BE}
		{A569FC39-2B72-4781-AFE3-D99B13D9A353} = {FAEBCE99-5CCB-4BBF-AAF3-9CE51FABD871}
		{8976A00E-78C1-49F4-9B0A-EA0FA52E26A1} = {FAEBCE99-5CCB-4BBF-AAF3-9CE51FABD871}
		{3D3FFBF3-B128-4738-A086-812392A81150} = {FAEBCE99-5CCB-4BBF-AAF3-9CE51FABD871}
		{6B1E66A3-891B-45C4-A586-2A5DD82E8CD4} = {A1ABBF0C-890B-43E6-AD6D-F1897CA205B6}
		{C12B7DE5-75CB-49EA-B562-BC8431F934F1} = {A1ABBF0C-890B-43E6-AD6D-F1897CA205B6}
		{AB3CDC2A-D1AC-49DA-B1F2-10D8BB393C8B} = {653FF181-27AD-43DB-98D7-E90CBD6F3734}
	EndGlobalSection
	GlobalSection(ExtensibilityGlobals) = postSolution
		SolutionGuid = {A24D735F-6ECC-4089-B6BF-DB09B1FCB7D8}
	EndGlobalSection
EndGlobal
